
Microsoft Visual Studio Solution File, Format Version 12.00
# Visual Studio Version 17
VisualStudioVersion = 17.0.31903.59
MinimumVisualStudioVersion = 10.0.40219.1
Project("{9A19103F-16F7-4668-BE54-9A1E7A4F7556}") = "WeatherApp.Api", "WeatherApp.Api\WeatherApp.Api.csproj", "{6C66FBA2-7733-44AF-AE5F-2120D9CBAD48}"
EndProject
Project("{9A19103F-16F7-4668-BE54-9A1E7A4F7556}") = "WeatherApp.Core", "WeatherApp.Core\WeatherApp.Core.csproj", "{1E7176D7-8695-4A60-84F0-94A33C26B46D}"
EndProject
Project("{9A19103F-16F7-4668-BE54-9A1E7A4F7556}") = "WeatherApp.Infrastructure", "WeatherApp.Infrastructure\WeatherApp.Infrastructure.csproj", "{3D109B3E-B1E5-4DAF-AA73-543AABA9E0D7}"
EndProject
Project("{9A19103F-16F7-4668-BE54-9A1E7A4F7556}") = "WeatherApp.Tests", "WeatherApp.Tests\WeatherApp.Tests.csproj", "{22CA0F22-FDBC-46FE-A423-D063655FECF5}"
EndProject
Global
	GlobalSection(SolutionConfigurationPlatforms) = preSolution
		Debug|Any CPU = Debug|Any CPU
		Release|Any CPU = Release|Any CPU
	EndGlobalSection
	GlobalSection(ProjectConfigurationPlatforms) = postSolution
		{6C66FBA2-7733-44AF-AE5F-2120D9CBAD48}.Debug|Any CPU.ActiveCfg = Debug|Any CPU
		{6C66FBA2-7733-44AF-AE5F-2120D9CBAD48}.Debug|Any CPU.Build.0 = Debug|Any CPU
		{6C66FBA2-7733-44AF-AE5F-2120D9CBAD48}.Release|Any CPU.ActiveCfg = Release|Any CPU
		{6C66FBA2-7733-44AF-AE5F-2120D9CBAD48}.Release|Any CPU.Build.0 = Release|Any CPU
		{1E7176D7-8695-4A60-84F0-94A33C26B46D}.Debug|Any CPU.ActiveCfg = Debug|Any CPU
		{1E7176D7-8695-4A60-84F0-94A33C26B46D}.Debug|Any CPU.Build.0 = Debug|Any CPU
		{1E7176D7-8695-4A60-84F0-94A33C26B46D}.Release|Any CPU.ActiveCfg = Release|Any CPU
		{1E7176D7-8695-4A60-84F0-94A33C26B46D}.Release|Any CPU.Build.0 = Release|Any CPU
		{3D109B3E-B1E5-4DAF-AA73-543AABA9E0D7}.Debug|Any CPU.ActiveCfg = Debug|Any CPU
		{3D109B3E-B1E5-4DAF-AA73-543AABA9E0D7}.Debug|Any CPU.Build.0 = Debug|Any CPU
		{3D109B3E-B1E5-4DAF-AA73-543AABA9E0D7}.Release|Any CPU.ActiveCfg = Release|Any CPU
		{3D109B3E-B1E5-4DAF-AA73-543AABA9E0D7}.Release|Any CPU.Build.0 = Release|Any CPU
		{22CA0F22-FDBC-46FE-A423-D063655FECF5}.Debug|Any CPU.ActiveCfg = Debug|Any CPU
		{22CA0F22-FDBC-46FE-A423-D063655FECF5}.Debug|Any CPU.Build.0 = Debug|Any CPU
		{22CA0F22-FDBC-46FE-A423-D063655FECF5}.Release|Any CPU.ActiveCfg = Release|Any CPU
		{22CA0F22-FDBC-46FE-A423-D063655FECF5}.Release|Any CPU.Build.0 = Release|Any CPU
	EndGlobalSection
	GlobalSection(SolutionProperties) = preSolution
		HideSolutionNode = FALSE
	EndGlobalSection
EndGlobal
